// !$*UTF8*$!
{
	archiveVersion = 1;
	classes = {
	};
	objectVersion = 77;
	objects = {

/* Begin PBXBuildFile section */
		02E866D9C7F5FB0189F10402 /* VocabularyStore.swift in Sources */ = {isa = PBXBuildFile; fileRef = CD1E76F30514F1CD79816D56 /* VocabularyStore.swift */; };
		223C255725A44407925EE725 /* PDFExporter.swift in Sources */ = {isa = PBXBuildFile; fileRef = 484163C16BE36FDE84C7DBC4 /* PDFExporter.swift */; };
		300316A57406CEAD51C313D6 /* ImmunizationViews.swift in Sources */ = {isa = PBXBuildFile; fileRef = 02CBC559C5FD3DCFCFAD6333 /* ImmunizationViews.swift */; };
		31C3D111972454E945B92452 /* ConditionViews.swift in Sources */ = {isa = PBXBuildFile; fileRef = C71C25E6BD852A0A8C43EB7F /* ConditionViews.swift */; };
		349E112D9416915EACE26CF5 /* Assets.xcassets in Resources */ = {isa = PBXBuildFile; fileRef = F22DFA743C732E899DCC4284 /* Assets.xcassets */; };
		4B6BF9141E4EDAA72A46699D /* vaccines.json in Resources */ = {isa = PBXBuildFile; fileRef = 9DE313E8C50DEEDDF82F4C07 /* vaccines.json */; };
		4F5B0011208262C3C2CB2832 /* Profile.swift in Sources */ = {isa = PBXBuildFile; fileRef = 7FFD8595A6C95F1041E3C57D /* Profile.swift */; };
		504D55535958FBE40ADF58D7 /* Immunization.swift in Sources */ = {isa = PBXBuildFile; fileRef = 7EFBE5FF4780B112998B6F4D /* Immunization.swift */; };
		676816A04F62CA3B6B8C111F /* RecordsHomeView.swift in Sources */ = {isa = PBXBuildFile; fileRef = 993126121FABC2254AA9562D /* RecordsHomeView.swift */; };
		711D634E264C7853F135CF04 /* ShareSheet.swift in Sources */ = {isa = PBXBuildFile; fileRef = A3C2A1AD7151AA511B39B196 /* ShareSheet.swift */; };
		8190639831D17F2DDBAF60E9 /* Condition.swift in Sources */ = {isa = PBXBuildFile; fileRef = 960568D60E0A9D21DAD43D4B /* Condition.swift */; };
		8427CD7615F80A29D18040E8 /* MedicalDocument.swift in Sources */ = {isa = PBXBuildFile; fileRef = A3A61748CEE4EA315A938EC1 /* MedicalDocument.swift */; };
		8C73961D6DFAFBE3B51F71BE /* Appointment.swift in Sources */ = {isa = PBXBuildFile; fileRef = 2A61AF6C1A787A1A32DADF16 /* Appointment.swift */; };
		9DF6EFC67DFC078E7765386A /* ProfileView.swift in Sources */ = {isa = PBXBuildFile; fileRef = EEFF6428A6F7C80BEE145798 /* ProfileView.swift */; };
		A5C1C17227F81893CD97B9C5 /* AllergyViews.swift in Sources */ = {isa = PBXBuildFile; fileRef = 901CCC84600AA1481611A21D /* AllergyViews.swift */; };
		AB40C0E0345E0383241CDFFB /* GeethaHealthApp.swift in Sources */ = {isa = PBXBuildFile; fileRef = CA762C6598F2BA8EAF3D43AA /* GeethaHealthApp.swift */; };
		B09BBC5F489F3CA751A305FD /* RootView.swift in Sources */ = {isa = PBXBuildFile; fileRef = 159685BA1612153F44C55D7F /* RootView.swift */; };
		B34972897E0E0ACD7C1F82B7 /* Allergy.swift in Sources */ = {isa = PBXBuildFile; fileRef = 06221CACEA07FD54EC37C0CB /* Allergy.swift */; };
		BE2099AF5E33FD1C0BD4B0C7 /* AppointmentViews.swift in Sources */ = {isa = PBXBuildFile; fileRef = E96F4951DB3BC4979CA2A9C8 /* AppointmentViews.swift */; };
		BF1449DC2C61D8C9EE584B10 /* DocumentsView.swift in Sources */ = {isa = PBXBuildFile; fileRef = EADD5EA8744453A4ECB67DF0 /* DocumentsView.swift */; };
		D230CCB0F0A4953E1981552A /* MedicationViews.swift in Sources */ = {isa = PBXBuildFile; fileRef = EADE6A1E4A1F3D3EC136495F /* MedicationViews.swift */; };
		E5173D67C0494FB5AE1F0321 /* OnboardingView.swift in Sources */ = {isa = PBXBuildFile; fileRef = 3F177A5592AA81F3CD5DA34B /* OnboardingView.swift */; };
		F0FAF35A92DDB2DBF28A0766 /* medications.json in Resources */ = {isa = PBXBuildFile; fileRef = 1A3756591E4CDBA9BCE980D8 /* medications.json */; };
		F1C74A0525E93FD1ECF5DF0B /* Medication.swift in Sources */ = {isa = PBXBuildFile; fileRef = 82D3790E7AB7389013F8BE16 /* Medication.swift */; };
		FF1BC7004EA091437BA1F014 /* SummaryPDFView.swift in Sources */ = {isa = PBXBuildFile; fileRef = 244CFAC6CB30C469521D3FC7 /* SummaryPDFView.swift */; };
/* End PBXBuildFile section */

/* Begin PBXFileReference section */
		02CBC559C5FD3DCFCFAD6333 /* ImmunizationViews.swift */ = {isa = PBXFileReference; lastKnownFileType = sourcecode.swift; path = ImmunizationViews.swift; sourceTree = "<group>"; };
		06221CACEA07FD54EC37C0CB /* Allergy.swift */ = {isa = PBXFileReference; lastKnownFileType = sourcecode.swift; path = Allergy.swift; sourceTree = "<group>"; };
		159685BA1612153F44C55D7F /* RootView.swift */ = {isa = PBXFileReference; lastKnownFileType = sourcecode.swift; path = RootView.swift; sourceTree = "<group>"; };
		1A3756591E4CDBA9BCE980D8 /* medications.json */ = {isa = PBXFileReference; lastKnownFileType = text.json; path = medications.json; sourceTree = "<group>"; };
		244CFAC6CB30C469521D3FC7 /* SummaryPDFView.swift */ = {isa = PBXFileReference; lastKnownFileType = sourcecode.swift; path = SummaryPDFView.swift; sourceTree = "<group>"; };
		2A61AF6C1A787A1A32DADF16 /* Appointment.swift */ = {isa = PBXFileReference; lastKnownFileType = sourcecode.swift; path = Appointment.swift; sourceTree = "<group>"; };
		3F177A5592AA81F3CD5DA34B /* OnboardingView.swift */ = {isa = PBXFileReference; lastKnownFileType = sourcecode.swift; path = OnboardingView.swift; sourceTree = "<group>"; };
		484163C16BE36FDE84C7DBC4 /* PDFExporter.swift */ = {isa = PBXFileReference; lastKnownFileType = sourcecode.swift; path = PDFExporter.swift; sourceTree = "<group>"; };
		7EFBE5FF4780B112998B6F4D /* Immunization.swift */ = {isa = PBXFileReference; lastKnownFileType = sourcecode.swift; path = Immunization.swift; sourceTree = "<group>"; };
		7FFD8595A6C95F1041E3C57D /* Profile.swift */ = {isa = PBXFileReference; lastKnownFileType = sourcecode.swift; path = Profile.swift; sourceTree = "<group>"; };
		82D3790E7AB7389013F8BE16 /* Medication.swift */ = {isa = PBXFileReference; lastKnownFileType = sourcecode.swift; path = Medication.swift; sourceTree = "<group>"; };
		901CCC84600AA1481611A21D /* AllergyViews.swift */ = {isa = PBXFileReference; lastKnownFileType = sourcecode.swift; path = AllergyViews.swift; sourceTree = "<group>"; };
		960568D60E0A9D21DAD43D4B /* Condition.swift */ = {isa = PBXFileReference; lastKnownFileType = sourcecode.swift; path = Condition.swift; sourceTree = "<group>"; };
		993126121FABC2254AA9562D /* RecordsHomeView.swift */ = {isa = PBXFileReference; lastKnownFileType = sourcecode.swift; path = RecordsHomeView.swift; sourceTree = "<group>"; };
		9DE313E8C50DEEDDF82F4C07 /* vaccines.json */ = {isa = PBXFileReference; lastKnownFileType = text.json; path = vaccines.json; sourceTree = "<group>"; };
		A3A61748CEE4EA315A938EC1 /* MedicalDocument.swift */ = {isa = PBXFileReference; lastKnownFileType = sourcecode.swift; path = MedicalDocument.swift; sourceTree = "<group>"; };
		A3C2A1AD7151AA511B39B196 /* ShareSheet.swift */ = {isa = PBXFileReference; lastKnownFileType = sourcecode.swift; path = ShareSheet.swift; sourceTree = "<group>"; };
		C71C25E6BD852A0A8C43EB7F /* ConditionViews.swift */ = {isa = PBXFileReference; lastKnownFileType = sourcecode.swift; path = ConditionViews.swift; sourceTree = "<group>"; };
		CA762C6598F2BA8EAF3D43AA /* GeethaHealthApp.swift */ = {isa = PBXFileReference; lastKnownFileType = sourcecode.swift; path = GeethaHealthApp.swift; sourceTree = "<group>"; };
		CD1E76F30514F1CD79816D56 /* VocabularyStore.swift */ = {isa = PBXFileReference; lastKnownFileType = sourcecode.swift; path = VocabularyStore.swift; sourceTree = "<group>"; };
		D3EFFA7C6542744A0277FC05 /* GeethaHealth.app */ = {isa = PBXFileReference; includeInIndex = 0; lastKnownFileType = wrapper.application; path = GeethaHealth.app; sourceTree = BUILT_PRODUCTS_DIR; };
		E96F4951DB3BC4979CA2A9C8 /* AppointmentViews.swift */ = {isa = PBXFileReference; lastKnownFileType = sourcecode.swift; path = AppointmentViews.swift; sourceTree = "<group>"; };
		EADD5EA8744453A4ECB67DF0 /* DocumentsView.swift */ = {isa = PBXFileReference; lastKnownFileType = sourcecode.swift; path = DocumentsView.swift; sourceTree = "<group>"; };
		EADE6A1E4A1F3D3EC136495F /* MedicationViews.swift */ = {isa = PBXFileReference; lastKnownFileType = sourcecode.swift; path = MedicationViews.swift; sourceTree = "<group>"; };
		EEFF6428A6F7C80BEE145798 /* ProfileView.swift */ = {isa = PBXFileReference; lastKnownFileType = sourcecode.swift; path = ProfileView.swift; sourceTree = "<group>"; };
		F22DFA743C732E899DCC4284 /* Assets.xcassets */ = {isa = PBXFileReference; lastKnownFileType = folder.assetcatalog; path = Assets.xcassets; sourceTree = "<group>"; };
/* End PBXFileReference section */

/* Begin PBXGroup section */
		0659B2815DB5F3A99642A796 /* Models */ = {
			isa = PBXGroup;
			children = (
				06221CACEA07FD54EC37C0CB /* Allergy.swift */,
				2A61AF6C1A787A1A32DADF16 /* Appointment.swift */,
				960568D60E0A9D21DAD43D4B /* Condition.swift */,
				7EFBE5FF4780B112998B6F4D /* Immunization.swift */,
				A3A61748CEE4EA315A938EC1 /* MedicalDocument.swift */,
				82D3790E7AB7389013F8BE16 /* Medication.swift */,
				7FFD8595A6C95F1041E3C57D /* Profile.swift */,
			);
			path = Models;
			sourceTree = "<group>";
		};
		0B48CD511A727820113B2F33 /* Resources */ = {
			isa = PBXGroup;
			children = (
				1A3756591E4CDBA9BCE980D8 /* medications.json */,
				9DE313E8C50DEEDDF82F4C07 /* vaccines.json */,
			);
			path = Resources;
			sourceTree = "<group>";
		};
		38730BF383E2185B43B2C9D8 /* Records */ = {
			isa = PBXGroup;
			children = (
				901CCC84600AA1481611A21D /* AllergyViews.swift */,
				E96F4951DB3BC4979CA2A9C8 /* AppointmentViews.swift */,
				C71C25E6BD852A0A8C43EB7F /* ConditionViews.swift */,
				02CBC559C5FD3DCFCFAD6333 /* ImmunizationViews.swift */,
				EADE6A1E4A1F3D3EC136495F /* MedicationViews.swift */,
				993126121FABC2254AA9562D /* RecordsHomeView.swift */,
			);
			path = Records;
			sourceTree = "<group>";
		};
		5EBE2C58C074FF9C1F09728A /* Views */ = {
			isa = PBXGroup;
			children = (
				159685BA1612153F44C55D7F /* RootView.swift */,
				8FA9957D799C7BD64BFD285E /* Documents */,
				BB82532F1F6A107334E9D5AD /* Export */,
				9D55B54ABF15F92F905136C7 /* Onboarding */,
				8400AC45F693263C5604C591 /* Profile */,
				38730BF383E2185B43B2C9D8 /* Records */,
			);
			path = Views;
			sourceTree = "<group>";
		};
		8400AC45F693263C5604C591 /* Profile */ = {
			isa = PBXGroup;
			children = (
				EEFF6428A6F7C80BEE145798 /* ProfileView.swift */,
			);
			path = Profile;
			sourceTree = "<group>";
		};
		8D7BE19DB601E59D9FF59329 /* Products */ = {
			isa = PBXGroup;
			children = (
				D3EFFA7C6542744A0277FC05 /* GeethaHealth.app */,
			);
			name = Products;
			sourceTree = "<group>";
		};
		8FA9957D799C7BD64BFD285E /* Documents */ = {
			isa = PBXGroup;
			children = (
				EADD5EA8744453A4ECB67DF0 /* DocumentsView.swift */,
			);
			path = Documents;
			sourceTree = "<group>";
		};
		93C3BD0CED18E8BA7D6AC6A4 /* Services */ = {
			isa = PBXGroup;
			children = (
				484163C16BE36FDE84C7DBC4 /* PDFExporter.swift */,
				CD1E76F30514F1CD79816D56 /* VocabularyStore.swift */,
			);
			path = Services;
			sourceTree = "<group>";
		};
		9C0A2A9E1ACF5A3C16C48E24 /* GeethaHealth */ = {
			isa = PBXGroup;
			children = (
				F22DFA743C732E899DCC4284 /* Assets.xcassets */,
				CA762C6598F2BA8EAF3D43AA /* GeethaHealthApp.swift */,
				0659B2815DB5F3A99642A796 /* Models */,
				0B48CD511A727820113B2F33 /* Resources */,
				93C3BD0CED18E8BA7D6AC6A4 /* Services */,
				5EBE2C58C074FF9C1F09728A /* Views */,
			);
			path = GeethaHealth;
			sourceTree = "<group>";
		};
		9D55B54ABF15F92F905136C7 /* Onboarding */ = {
			isa = PBXGroup;
			children = (
				3F177A5592AA81F3CD5DA34B /* OnboardingView.swift */,
			);
			path = Onboarding;
			sourceTree = "<group>";
		};
		BB82532F1F6A107334E9D5AD /* Export */ = {
			isa = PBXGroup;
			children = (
				A3C2A1AD7151AA511B39B196 /* ShareSheet.swift */,
				244CFAC6CB30C469521D3FC7 /* SummaryPDFView.swift */,
			);
			path = Export;
			sourceTree = "<group>";
		};
		C1B672E880B5699405373893 = {
			isa = PBXGroup;
			children = (
				9C0A2A9E1ACF5A3C16C48E24 /* GeethaHealth */,
				8D7BE19DB601E59D9FF59329 /* Products */,
			);
			sourceTree = "<group>";
		};
/* End PBXGroup section */

/* Begin PBXNativeTarget section */
		4F957E5D9FBE8BDCB4CEDC15 /* GeethaHealth */ = {
			isa = PBXNativeTarget;
			buildConfigurationList = C21FCA70C0D239E042C6AF10 /* Build configuration list for PBXNativeTarget "GeethaHealth" */;
			buildPhases = (
				5EC589AADB000EE2DFB91CCB /* Sources */,
				72D047DC6666A4025A91322D /* Resources */,
			);
			buildRules = (
			);
			dependencies = (
			);
			name = GeethaHealth;
			packageProductDependencies = (
			);
			productName = GeethaHealth;
			productReference = D3EFFA7C6542744A0277FC05 /* GeethaHealth.app */;
			productType = "com.apple.product-type.application";
		};
/* End PBXNativeTarget section */

/* Begin PBXProject section */
		9468CA477529E037DDE9A34B /* Project object */ = {
			isa = PBXProject;
			attributes = {
				BuildIndependentTargetsInParallel = YES;
				LastUpgradeCheck = 1430;
				TargetAttributes = {
					4F957E5D9FBE8BDCB4CEDC15 = {
						DevelopmentTeam = 3Z8928HS54;
						ProvisioningStyle = Automatic;
					};
				};
			};
			buildConfigurationList = 17A66CB5B08CC9E47F3DDA06 /* Build configuration list for PBXProject "GeethaHealth" */;
			developmentRegion = en;
			hasScannedForEncodings = 0;
			knownRegions = (
				Base,
				en,
			);
			mainGroup = C1B672E880B5699405373893;
			minimizedProjectReferenceProxies = 1;
			preferredProjectObjectVersion = 77;
			productRefGroup = 8D7BE19DB601E59D9FF59329 /* Products */;
			projectDirPath = "";
			projectRoot = "";
			targets = (
				4F957E5D9FBE8BDCB4CEDC15 /* GeethaHealth */,
			);
		};
/* End PBXProject section */

/* Begin PBXResourcesBuildPhase section */
		72D047DC6666A4025A91322D /* Resources */ = {
			isa = PBXResourcesBuildPhase;
			buildActionMask = 2147483647;
			files = (
				349E112D9416915EACE26CF5 /* Assets.xcassets in Resources */,
				F0FAF35A92DDB2DBF28A0766 /* medications.json in Resources */,
				4B6BF9141E4EDAA72A46699D /* vaccines.json in Resources */,
			);
			runOnlyForDeploymentPostprocessing = 0;
		};
/* End PBXResourcesBuildPhase section */

/* Begin PBXSourcesBuildPhase section */
		5EC589AADB000EE2DFB91CCB /* Sources */ = {
			isa = PBXSourcesBuildPhase;
			buildActionMask = 2147483647;
			files = (
				B34972897E0E0ACD7C1F82B7 /* Allergy.swift in Sources */,
				A5C1C17227F81893CD97B9C5 /* AllergyViews.swift in Sources */,
				8C73961D6DFAFBE3B51F71BE /* Appointment.swift in Sources */,
				BE2099AF5E33FD1C0BD4B0C7 /* AppointmentViews.swift in Sources */,
				8190639831D17F2DDBAF60E9 /* Condition.swift in Sources */,
				31C3D111972454E945B92452 /* ConditionViews.swift in Sources */,
				BF1449DC2C61D8C9EE584B10 /* DocumentsView.swift in Sources */,
				AB40C0E0345E0383241CDFFB /* GeethaHealthApp.swift in Sources */,
				504D55535958FBE40ADF58D7 /* Immunization.swift in Sources */,
				300316A57406CEAD51C313D6 /* ImmunizationViews.swift in Sources */,
				8427CD7615F80A29D18040E8 /* MedicalDocument.swift in Sources */,
				F1C74A0525E93FD1ECF5DF0B /* Medication.swift in Sources */,
				D230CCB0F0A4953E1981552A /* MedicationViews.swift in Sources */,
				E5173D67C0494FB5AE1F0321 /* OnboardingView.swift in Sources */,
				223C255725A44407925EE725 /* PDFExporter.swift in Sources */,
				4F5B0011208262C3C2CB2832 /* Profile.swift in Sources */,
				9DF6EFC67DFC078E7765386A /* ProfileView.swift in Sources */,
				676816A04F62CA3B6B8C111F /* RecordsHomeView.swift in Sources */,
				B09BBC5F489F3CA751A305FD /* RootView.swift in Sources */,
				711D634E264C7853F135CF04 /* ShareSheet.swift in Sources */,
				FF1BC7004EA091437BA1F014 /* SummaryPDFView.swift in Sources */,
				02E866D9C7F5FB0189F10402 /* VocabularyStore.swift in Sources */,
			);
			runOnlyForDeploymentPostprocessing = 0;
		};
/* End PBXSourcesBuildPhase section */

/* Begin XCBuildConfiguration section */
		5579AF69A16AD9281C260A8F /* Debug */ = {
			isa = XCBuildConfiguration;
			buildSettings = {
				ALWAYS_SEARCH_USER_PATHS = NO;
				CLANG_ANALYZER_NONNULL = YES;
				CLANG_ANALYZER_NUMBER_OBJECT_CONVERSION = YES_AGGRESSIVE;
				CLANG_CXX_LANGUAGE_STANDARD = "gnu++14";
				CLANG_CXX_LIBRARY = "libc++";
				CLANG_ENABLE_MODULES = YES;
				CLANG_ENABLE_OBJC_ARC = YES;
				CLANG_ENABLE_OBJC_WEAK = YES;
				CLANG_WARN_BLOCK_CAPTURE_AUTORELEASING = YES;
				CLANG_WARN_BOOL_CONVERSION = YES;
				CLANG_WARN_COMMA = YES;
				CLANG_WARN_CONSTANT_CONVERSION = YES;
				CLANG_WARN_DEPRECATED_OBJC_IMPLEMENTATIONS = YES;
				CLANG_WARN_DIRECT_OBJC_ISA_USAGE = YES_ERROR;
				CLANG_WARN_DOCUMENTATION_COMMENTS = YES;
				CLANG_WARN_EMPTY_BODY = YES;
				CLANG_WARN_ENUM_CONVERSION = YES;
				CLANG_WARN_INFINITE_RECURSION = YES;
				CLANG_WARN_INT_CONVERSION = YES;
				CLANG_WARN_NON_LITERAL_NULL_CONVERSION = YES;
				CLANG_WARN_OBJC_IMPLICIT_RETAIN_SELF = YES;
				CLANG_WARN_OBJC_LITERAL_CONVERSION = YES;
				CLANG_WARN_OBJC_ROOT_CLASS = YES_ERROR;
				CLANG_WARN_QUOTED_INCLUDE_IN_FRAMEWORK_HEADER = YES;
				CLANG_WARN_RANGE_LOOP_ANALYSIS = YES;
				CLANG_WARN_STRICT_PROTOTYPES = YES;
				CLANG_WARN_SUSPICIOUS_MOVE = YES;
				CLANG_WARN_UNGUARDED_AVAILABILITY = YES_AGGRESSIVE;
				CLANG_WARN_UNREACHABLE_CODE = YES;
				CLANG_WARN__DUPLICATE_METHOD_MATCH = YES;
				COPY_PHASE_STRIP = NO;
				DEBUG_INFORMATION_FORMAT = dwarf;
				ENABLE_STRICT_OBJC_MSGSEND = YES;
				ENABLE_TESTABILITY = YES;
				GCC_C_LANGUAGE_STANDARD = gnu11;
				GCC_DYNAMIC_NO_PIC = NO;
				GCC_NO_COMMON_BLOCKS = YES;
				GCC_OPTIMIZATION_LEVEL = 0;
				GCC_PREPROCESSOR_DEFINITIONS = (
					"$(inherited)",
					"DEBUG=1",
				);
				GCC_WARN_64_TO_32_BIT_CONVERSION = YES;
				GCC_WARN_ABOUT_RETURN_TYPE = YES_ERROR;
				GCC_WARN_UNDECLARED_SELECTOR = YES;
				GCC_WARN_UNINITIALIZED_AUTOS = YES_AGGRESSIVE;
				GCC_WARN_UNUSED_FUNCTION = YES;
				GCC_WARN_UNUSED_VARIABLE = YES;
				IPHONEOS_DEPLOYMENT_TARGET = 17.0;
				MTL_ENABLE_DEBUG_INFO = INCLUDE_SOURCE;
				MTL_FAST_MATH = YES;
				ONLY_ACTIVE_ARCH = YES;
				PRODUCT_NAME = "$(TARGET_NAME)";
				SDKROOT = iphoneos;
				SWIFT_ACTIVE_COMPILATION_CONDITIONS = DEBUG;
				SWIFT_OPTIMIZATION_LEVEL = "-Onone";
				SWIFT_VERSION = 5.0;
			};
			name = Debug;
		};
		6C11DC47BB2707035884BF8D /* Release */ = {
			isa = XCBuildConfiguration;
			buildSettings = {
				ALWAYS_SEARCH_USER_PATHS = NO;
				CLANG_ANALYZER_NONNULL = YES;
				CLANG_ANALYZER_NUMBER_OBJECT_CONVERSION = YES_AGGRESSIVE;
				CLANG_CXX_LANGUAGE_STANDARD = "gnu++14";
				CLANG_CXX_LIBRARY = "libc++";
				CLANG_ENABLE_MODULES = YES;
				CLANG_ENABLE_OBJC_ARC = YES;
				CLANG_ENABLE_OBJC_WEAK = YES;
				CLANG_WARN_BLOCK_CAPTURE_AUTORELEASING = YES;
				CLANG_WARN_BOOL_CONVERSION = YES;
				CLANG_WARN_COMMA = YES;
				CLANG_WARN_CONSTANT_CONVERSION = YES;
				CLANG_WARN_DEPRECATED_OBJC_IMPLEMENTATIONS = YES;
				CLANG_WARN_DIRECT_OBJC_ISA_USAGE = YES_ERROR;
				CLANG_WARN_DOCUMENTATION_COMMENTS = YES;
				CLANG_WARN_EMPTY_BODY = YES;
				CLANG_WARN_ENUM_CONVERSION = YES;
				CLANG_WARN_INFINITE_RECURSION = YES;
				CLANG_WARN_INT_CONVERSION = YES;
				CLANG_WARN_NON_LITERAL_NULL_CONVERSION = YES;
				CLANG_WARN_OBJC_IMPLICIT_RETAIN_SELF = YES;
				CLANG_WARN_OBJC_LITERAL_CONVERSION = YES;
				CLANG_WARN_OBJC_ROOT_CLASS = YES_ERROR;
				CLANG_WARN_QUOTED_INCLUDE_IN_FRAMEWORK_HEADER = YES;
				CLANG_WARN_RANGE_LOOP_ANALYSIS = YES;
				CLANG_WARN_STRICT_PROTOTYPES = YES;
				CLANG_WARN_SUSPICIOUS_MOVE = YES;
				CLANG_WARN_UNGUARDED_AVAILABILITY = YES_AGGRESSIVE;
				CLANG_WARN_UNREACHABLE_CODE = YES;
				CLANG_WARN__DUPLICATE_METHOD_MATCH = YES;
				COPY_PHASE_STRIP = NO;
				DEBUG_INFORMATION_FORMAT = "dwarf-with-dsym";
				ENABLE_NS_ASSERTIONS = NO;
				ENABLE_STRICT_OBJC_MSGSEND = YES;
				GCC_C_LANGUAGE_STANDARD = gnu11;
				GCC_NO_COMMON_BLOCKS = YES;
				GCC_WARN_64_TO_32_BIT_CONVERSION = YES;
				GCC_WARN_ABOUT_RETURN_TYPE = YES_ERROR;
				GCC_WARN_UNDECLARED_SELECTOR = YES;
				GCC_WARN_UNINITIALIZED_AUTOS = YES_AGGRESSIVE;
				GCC_WARN_UNUSED_FUNCTION = YES;
				GCC_WARN_UNUSED_VARIABLE = YES;
				IPHONEOS_DEPLOYMENT_TARGET = 17.0;
				MTL_ENABLE_DEBUG_INFO = NO;
				MTL_FAST_MATH = YES;
				PRODUCT_NAME = "$(TARGET_NAME)";
				SDKROOT = iphoneos;
				SWIFT_COMPILATION_MODE = wholemodule;
				SWIFT_OPTIMIZATION_LEVEL = "-O";
				SWIFT_VERSION = 5.0;
			};
			name = Release;
		};
		A746193396054698CA5C985F /* Release */ = {
			isa = XCBuildConfiguration;
			buildSettings = {
				ASSETCATALOG_COMPILER_APPICON_NAME = AppIcon;
				ASSETCATALOG_COMPILER_GLOBAL_ACCENT_COLOR_NAME = AccentColor;
				CODE_SIGN_IDENTITY = "iPhone Developer";
				CODE_SIGN_STYLE = Automatic;
				CURRENT_PROJECT_VERSION = 1;
				DEVELOPMENT_TEAM = 3Z8928HS54;
				GENERATE_INFOPLIST_FILE = YES;
				INFOPLIST_KEY_CFBundleDisplayName = "Geetha Health";
				INFOPLIST_KEY_ITSAppUsesNonExemptEncryption = NO;
				INFOPLIST_KEY_UILaunchScreen_Generation = YES;
				INFOPLIST_KEY_UISupportedInterfaceOrientations = UIInterfaceOrientationPortrait;
				LD_RUNPATH_SEARCH_PATHS = (
					"$(inherited)",
					"@executable_path/Frameworks",
				);
				MARKETING_VERSION = 0.1.0;
				PRODUCT_BUNDLE_IDENTIFIER = com.geethahealth.GeethaHealth;
				SDKROOT = iphoneos;
				SWIFT_VERSION = 5.9;
				TARGETED_DEVICE_FAMILY = 1;
			};
			name = Release;
		};
		F3CF8AA8ABB60D27D7614294 /* Debug */ = {
			isa = XCBuildConfiguration;
			buildSettings = {
				ASSETCATALOG_COMPILER_APPICON_NAME = AppIcon;
				ASSETCATALOG_COMPILER_GLOBAL_ACCENT_COLOR_NAME = AccentColor;
				CODE_SIGN_IDENTITY = "iPhone Developer";
				CODE_SIGN_STYLE = Automatic;
				CURRENT_PROJECT_VERSION = 1;
				DEVELOPMENT_TEAM = 3Z8928HS54;
				GENERATE_INFOPLIST_FILE = YES;
				INFOPLIST_KEY_CFBundleDisplayName = "Geetha Health";
				INFOPLIST_KEY_ITSAppUsesNonExemptEncryption = NO;
				INFOPLIST_KEY_UILaunchScreen_Generation = YES;
				INFOPLIST_KEY_UISupportedInterfaceOrientations = UIInterfaceOrientationPortrait;
				LD_RUNPATH_SEARCH_PATHS = (
					"$(inherited)",
					"@executable_path/Frameworks",
				);
				MARKETING_VERSION = 0.1.0;
				PRODUCT_BUNDLE_IDENTIFIER = com.geethahealth.GeethaHealth;
				SDKROOT = iphoneos;
				SWIFT_VERSION = 5.9;
				TARGETED_DEVICE_FAMILY = 1;
			};
			name = Debug;
		};
/* End XCBuildConfiguration section */

/* Begin XCConfigurationList section */
		17A66CB5B08CC9E47F3DDA06 /* Build configuration list for PBXProject "GeethaHealth" */ = {
			isa = XCConfigurationList;
			buildConfigurations = (
				5579AF69A16AD9281C260A8F /* Debug */,
				6C11DC47BB2707035884BF8D /* Release */,
			);
			defaultConfigurationIsVisible = 0;
			defaultConfigurationName = Debug;
		};
		C21FCA70C0D239E042C6AF10 /* Build configuration list for PBXNativeTarget "GeethaHealth" */ = {
			isa = XCConfigurationList;
			buildConfigurations = (
				F3CF8AA8ABB60D27D7614294 /* Debug */,
				A746193396054698CA5C985F /* Release */,
			);
			defaultConfigurationIsVisible = 0;
			defaultConfigurationName = Debug;
		};
/* End XCConfigurationList section */
	};
	rootObject = 9468CA477529E037DDE9A34B /* Project object */;
}
